
Microsoft Visual Studio Solution File, Format Version 12.00
# Visual Studio 2013
VisualStudioVersion = 12.0.30723.0
MinimumVisualStudioVersion = 10.0.40219.1
Project("{FAE04EC0-301F-11D3-BF4B-00C04F79EFBC}") = "EventSourceDocumentor.MSBuild", "EventSourceDocumentor.MSBuild\EventSourceDocumentor.MSBuild.csproj", "{1EE74008-7AE5-4C29-9364-CBADD7A06637}"
EndProject
Project("{FAE04EC0-301F-11D3-BF4B-00C04F79EFBC}") = "DocGenrationNugetPackageTest", "EtwTestLibrary\DocGenrationNugetPackageTest.csproj", "{33F1ECB1-3F7B-468D-8869-976222EBEAA2}"
EndProject
Global
	GlobalSection(SolutionConfigurationPlatforms) = preSolution
		Debug|Any CPU = Debug|Any CPU
		Release|Any CPU = Release|Any CPU
	EndGlobalSection
	GlobalSection(ProjectConfigurationPlatforms) = postSolution
		{1EE74008-7AE5-4C29-9364-CBADD7A06637}.Debug|Any CPU.ActiveCfg = Debug|Any CPU
		{1EE74008-7AE5-4C29-9364-CBADD7A06637}.Debug|Any CPU.Build.0 = Debug|Any CPU
		{1EE74008-7AE5-4C29-9364-CBADD7A06637}.Release|Any CPU.ActiveCfg = Release|Any CPU
		{1EE74008-7AE5-4C29-9364-CBADD7A06637}.Release|Any CPU.Build.0 = Release|Any CPU
		{33F1ECB1-3F7B-468D-8869-976222EBEAA2}.Debug|Any CPU.ActiveCfg = Debug|Any CPU
		{33F1ECB1-3F7B-468D-8869-976222EBEAA2}.Debug|Any CPU.Build.0 = Debug|Any CPU
		{33F1ECB1-3F7B-468D-8869-976222EBEAA2}.Release|Any CPU.ActiveCfg = Release|Any CPU
		{33F1ECB1-3F7B-468D-8869-976222EBEAA2}.Release|Any CPU.Build.0 = Release|Any CPU
	EndGlobalSection
	GlobalSection(SolutionProperties) = preSolution
		HideSolutionNode = FALSE
	EndGlobalSection
EndGlobal
